# This file is autogenerated, do not edit; changes may be undone by the next 'dep ensure'.


[[projects]]
  digest = "1:f9ae348e1f793dcf9ed930ed47136a67343dbd6809c5c91391322267f4476892"
  name = "github.com/Microsoft/go-winio"
  packages = ["."]
  pruneopts = "UT"
  revision = "97e4973ce50b2ff5f09635a57e2b88a037aae829"
  version = "v0.4.11"

[[projects]]
  digest = "1:b6a69a0c00dff6af66e525eb63449a83603e29a922bf5c4f9d073ab6c9e9c23f"
  name = "github.com/Microsoft/hcsshim"
  packages = [
    ".",
    "internal/guestrequest",
    "internal/guid",
    "internal/hcs",
    "internal/hcserror",
    "internal/hns",
    "internal/interop",
    "internal/longpath",
    "internal/mergemaps",
    "internal/safefile",
    "internal/schema1",
    "internal/schema2",
    "internal/timeout",
    "internal/wclayer",
  ]
  pruneopts = "UT"
  revision = "5b3eff572681588b6ce3df295d3d23b72f053f32"
  version = "v0.7.12"

[[projects]]
  digest = "1:2070c7b1dd74bbabf466f7d31b37bb9c25e9da2eed2a71191f5e812b13094e55"
  name = "github.com/containerd/containerd"
  packages = [
    ".",
    "api/services/containers/v1",
    "api/services/content/v1",
    "api/services/diff/v1",
    "api/services/events/v1",
    "api/services/images/v1",
    "api/services/introspection/v1",
    "api/services/leases/v1",
    "api/services/namespaces/v1",
    "api/services/snapshots/v1",
    "api/services/tasks/v1",
    "api/services/version/v1",
    "api/types",
    "api/types/task",
    "archive",
    "archive/compression",
    "cio",
    "containers",
    "content",
    "content/proxy",
    "defaults",
    "diff",
    "errdefs",
    "events",
    "events/exchange",
    "filters",
    "identifiers",
    "images",
    "images/archive",
    "leases",
    "leases/proxy",
    "log",
    "mount",
    "namespaces",
    "oci",
    "pkg/dialer",
    "platforms",
    "plugin",
    "reference",
    "remotes",
    "remotes/docker",
    "remotes/docker/schema1",
    "rootfs",
    "runtime/linux/runctypes",
    "snapshots",
    "snapshots/proxy",
    "sys",
  ]
  pruneopts = "UT"
  revision = "c4446665cb9c30056f4998ed953e6d4ff22c7c39"
  version = "v1.2.0"

[[projects]]
  digest = "1:bd17b2159f4aaf022596cfa63bdd1e1db2f49bc6e02f3c9d410656e039b45a20"
  name = "github.com/containerd/continuity"
  packages = [
    "fs",
    "syscallx",
    "sysx",
  ]
  pruneopts = "UT"
  revision = "bd77b46c8352f74eb12c85bdc01f4b90f69d66b4"

[[projects]]
  branch = "release/1.2"
  digest = "1:d20790c70c1fc086c6a13177bb91681ee8b1f73ff6f0e64c6648d6ab93e3a277"
  name = "github.com/containerd/cri"
  packages = ["pkg/util"]
  pruneopts = "UT"
  revision = "f913714917d2456d7e65a0be84962b1ce8acb487"

[[projects]]
  branch = "master"
  digest = "1:e2a10da95e6193b03c32f89fda417dd8cf06457ffb60b606c4e150fea88a9e7c"
  name = "github.com/containerd/fifo"
  packages = ["."]
  pruneopts = "UT"
  revision = "3d5202aec260678c48179c56f40e6f38a095738c"

[[projects]]
  digest = "1:7b4683388adabc709dbb082c13ba35967f072379c85b4acde997c1ca75af5981"
  name = "github.com/containerd/typeurl"
  packages = ["."]
  pruneopts = "UT"
  revision = "a93fcdb778cd272c6e9b3028b2f42d813e785d40"

[[projects]]
  digest = "1:767be9f40efeaa89519a1b7d04bcc1e841760466bdd481b4b4cca63a00a1eef8"
  name = "github.com/docker/distribution"
  packages = [
    "digestset",
    "reference",
  ]
  pruneopts = "UT"
  revision = "b38e5838b7b2f2ad48e06ec4b500011976080621"

[[projects]]
  branch = "master"
  digest = "1:0938aba6e09d72d48db029d44dcfa304851f52e2d67cda920436794248e92793"
  name = "github.com/docker/go-events"
  packages = ["."]
  pruneopts = "UT"
  revision = "9461782956ad83b30282bf90e31fa6a70c255ba9"

[[projects]]
  digest = "1:e13cb038286ab79c110c415198e69fd8b02c5e7794cda168c04e3149736d8a21"
  name = "github.com/gogo/googleapis"
  packages = ["google/rpc"]
  pruneopts = "UT"
  revision = "08a7655d27152912db7aaf4f983275eaf8d128ef"
  version = "v1.0.0"

[[projects]]
  digest = "1:4c0902d2bd7c5a39d6f9771ea3c1fd9e5d105e7dd9f41f1cdc70cf76a004eccd"
  name = "github.com/gogo/protobuf"
  packages = [
    "proto",
    "sortkeys",
    "types",
  ]
  pruneopts = "UT"
  revision = "1adfc126b41513cc696b209667c8656ea7aac67c"
  version = "v1.0.0"

[[projects]]
  digest = "1:4c0989ca0bcd10799064318923b9bc2db6b4d6338dd75f3f2d86c3511aaaf5cf"
  name = "github.com/golang/protobuf"
  packages = [
    "proto",
    "ptypes",
    "ptypes/any",
    "ptypes/duration",
    "ptypes/timestamp",
  ]
  pruneopts = "UT"
  revision = "aa810b61a9c79d51363740d207bb46cf8e620ed5"
  version = "v1.2.0"

[[projects]]
  digest = "1:c79fb010be38a59d657c48c6ba1d003a8aa651fa56b579d959d74573b7dff8e1"
  name = "github.com/gorilla/context"
  packages = ["."]
  pruneopts = "UT"
  revision = "08b5f424b9271eedf6f9f0ce86cb9396ed337a42"
  version = "v1.1.1"

[[projects]]
  digest = "1:e73f5b0152105f18bc131fba127d9949305c8693f8a762588a82a48f61756f5f"
  name = "github.com/gorilla/mux"
  packages = ["."]
  pruneopts = "UT"
  revision = "e3702bed27f0d39777b0b37b664b6280e8ef8fbf"
  version = "v1.6.2"

[[projects]]
  branch = "master"
  digest = "1:bc62c2c038cc8ae51b68f6d52570501a763bb71e78736a9f65d60762429864a9"
  name = "github.com/opencontainers/go-digest"
  packages = ["."]
  pruneopts = "UT"
  revision = "c9281466c8b2f606084ac71339773efd177436e7"

[[projects]]
  digest = "1:70711188c19c53147099d106169d6a81941ed5c2658651432de564a7d60fd288"
  name = "github.com/opencontainers/image-spec"
  packages = [
    "identity",
    "specs-go",
    "specs-go/v1",
  ]
  pruneopts = "UT"
  revision = "d60099175f88c47cd379c4738d158884749ed235"
  version = "v1.0.1"

[[projects]]
  digest = "1:d1359f705bc96470afad1ee7023d5f3b9aff802c5abb02248128f014f8ea8c4e"
  name = "github.com/opencontainers/runc"
  packages = [
    "libcontainer/system",
    "libcontainer/user",
  ]
  pruneopts = "UT"
  revision = "58592df56734acf62e574865fe40b9e53e967910"

[[projects]]
  digest = "1:f0babbbbff9937ca3f623de4e73e0faadf58379479406fded2014b9e0d585150"
  name = "github.com/opencontainers/runtime-spec"
  packages = ["specs-go"]
  pruneopts = "UT"
  revision = "eba862dc2470385a233c7507392675cbeadf7353"

[[projects]]
  digest = "1:4d6a80b49c67009aa822c9a9788d87a892be52809db9b7d4fb653ab5066f9b05"
  name = "github.com/openfaas/faas"
  packages = ["gateway/requests"]
  pruneopts = "UT"
  revision = "f5939c9a60872f23a393f5d2bc7af077d7dab90e"
  version = "0.9.8"

[[projects]]
  digest = "1:438c2f5a8daffdb8213ca5e062681a18b9505a7f9afc13266f17d873b5d53c66"
  name = "github.com/openfaas/faas-provider"
  packages = [
    ".",
    "auth",
    "types",
  ]
  pruneopts = "UT"
  revision = "845bf7aa58cb08352c5b2501807837e464ab071d"
  version = "0.7.1"

[[projects]]
  digest = "1:40e195917a951a8bf867cd05de2a46aaf1806c50cf92eebf4c16f78cd196f747"
  name = "github.com/pkg/errors"
  packages = ["."]
  pruneopts = "UT"
  revision = "645ef00459ed84a119197bfb8d8205042c6df63d"
  version = "v0.8.0"

[[projects]]
  digest = "1:ee1da6524260ed66de5eacdf4def98a365576be6c6972faa8ef438bef324843d"
  name = "github.com/sirupsen/logrus"
  packages = ["."]
  pruneopts = "UT"
  revision = "202f25545ea4cf9b191ff7f846df5d87c9382c2b"
  version = "v1.0.0"

[[projects]]
  digest = "1:9130855ec01069fe76969bb7b5d2cbb3b427cc3f50c84be1df98c074e7fb16d8"
  name = "github.com/syndtr/gocapability"
  packages = ["capability"]
  pruneopts = "UT"
  revision = "db04d3cc01c8b54962a58ec7e491717d06cfcc16"

[[projects]]
  digest = "1:949414cae3a7fa992bcf19b86289ff35af015e1a9a02eee1e13c101417ac1f83"
  name = "golang.org/x/net"
  packages = [
    "context",
    "context/ctxhttp",
    "http2",
    "http2/hpack",
    "idna",
    "internal/timeseries",
    "lex/httplex",
    "trace",
  ]
  pruneopts = "UT"
  revision = "b3756b4b77d7b13260a0a2ec658753cf48922eac"

[[projects]]
  digest = "1:39ebcc2b11457b703ae9ee2e8cca0f68df21969c6102cb3b705f76cca0ea0239"
  name = "golang.org/x/sync"
  packages = ["errgroup"]
  pruneopts = "UT"
  revision = "450f422ab23cf9881c94e2db30cac0eb1b7cf80c"

[[projects]]
  branch = "master"
  digest = "1:ee1372e91413a5e5cd8921b4fab9eed68b8d669c78b066e6493ae9466a318975"
  name = "golang.org/x/sys"
  packages = [
    "unix",
    "windows",
  ]
  pruneopts = "UT"
  revision = "731415f00dce967a133e841b3079eda31c996761"

[[projects]]
  digest = "1:a2ab62866c75542dd18d2b069fec854577a20211d7c0ea6ae746072a1dccdd18"
  name = "golang.org/x/text"
  packages = [
    "collate",
    "collate/build",
    "internal/colltab",
    "internal/gen",
    "internal/tag",
    "internal/triegen",
    "internal/ucd",
    "language",
    "secure/bidirule",
    "transform",
    "unicode/bidi",
    "unicode/cldr",
    "unicode/norm",
    "unicode/rangetable",
  ]
  pruneopts = "UT"
  revision = "f21a4dfb5e38f5895301dc265a8def02365cc3d0"
  version = "v0.3.0"

[[projects]]
  branch = "master"
  digest = "1:56b0bca90b7e5d1facf5fbdacba23e4e0ce069d25381b8e2f70ef1e7ebfb9c1a"
  name = "google.golang.org/genproto"
  packages = ["googleapis/rpc/status"]
  pruneopts = "UT"
  revision = "94acd270e44e65579b9ee3cdab25034d33fed608"

[[projects]]
  digest = "1:589c6e40a1002d6c796e48e7228a561791d3f3082645ea6663ad5e3437a32856"
  name = "google.golang.org/grpc"
  packages = [
    ".",
    "balancer",
    "balancer/base",
    "balancer/roundrobin",
    "channelz",
    "codes",
    "connectivity",
    "credentials",
    "encoding",
    "encoding/proto",
    "grpclb/grpc_lb_v1/messages",
    "grpclog",
    "health/grpc_health_v1",
    "internal",
    "keepalive",
    "metadata",
    "naming",
    "peer",
    "resolver",
    "resolver/dns",
    "resolver/passthrough",
    "stats",
    "status",
    "tap",
    "transport",
  ]
  pruneopts = "UT"
  revision = "41344da2231b913fa3d983840a57a6b1b7b631a1"
  version = "v1.12.0"

[solve-meta]
  analyzer-name = "dep"
  analyzer-version = 1
  input-imports = [
    "github.com/containerd/containerd",
    "github.com/containerd/containerd/cio",
    "github.com/containerd/containerd/containers",
    "github.com/containerd/containerd/namespaces",
    "github.com/containerd/containerd/oci",
    "github.com/opencontainers/runtime-spec/specs-go",
    "github.com/openfaas/faas-provider",
    "github.com/openfaas/faas-provider/types",
    "github.com/openfaas/faas/gateway/requests",
  ]
  solver-name = "gps-cdcl"
  solver-version = 1
